
Microsoft Visual Studio Solution File, Format Version 12.00
# Visual Studio Version 16
VisualStudioVersion = 16.0.31005.135
MinimumVisualStudioVersion = 10.0.40219.1
Project("{FAE04EC0-301F-11D3-BF4B-00C04F79EFBC}") = "Lesson6", "Lesson6.csproj", "{B27E0F39-4567-4A7D-B98F-B2AC4378C568}"
EndProject
Global
	GlobalSection(SolutionConfigurationPlatforms) = preSolution
		Debug|Any CPU = Debug|Any CPU
		Release|Any CPU = Release|Any CPU
	EndGlobalSection
	GlobalSection(ProjectConfigurationPlatforms) = postSolution
		{B27E0F39-4567-4A7D-B98F-B2AC4378C568}.Debug|Any CPU.ActiveCfg = Debug|Any CPU
		{B27E0F39-4567-4A7D-B98F-B2AC4378C568}.Debug|Any CPU.Build.0 = Debug|Any CPU
		{B27E0F39-4567-4A7D-B98F-B2AC4378C568}.Release|Any CPU.ActiveCfg = Release|Any CPU
		{B27E0F39-4567-4A7D-B98F-B2AC4378C568}.Release|Any CPU.Build.0 = Release|Any CPU
	EndGlobalSection
	GlobalSection(SolutionProperties) = preSolution
		HideSolutionNode = FALSE
	EndGlobalSection
	GlobalSection(ExtensibilityGlobals) = postSolution
		SolutionGuid = {DD189F49-C0AE-429F-B356-484A8640D39A}
	EndGlobalSection
EndGlobal
